// !$*UTF8*$!
{
	archiveVersion = 1;
	classes = {
	};
	objectVersion = 48;
	objects = {

/* Begin PBXBuildFile section */
		19D54CB91FBDA5D900438D1F /* AppDelegate.swift in Sources */ = {isa = PBXBuildFile; fileRef = 19D54CB81FBDA5D900438D1F /* AppDelegate.swift */; };
		19D54CBB1FBDA5D900438D1F /* ViewController.swift in Sources */ = {isa = PBXBuildFile; fileRef = 19D54CBA1FBDA5D900438D1F /* ViewController.swift */; };
		19D54CBE1FBDA5D900438D1F /* Main.storyboard in Resources */ = {isa = PBXBuildFile; fileRef = 19D54CBC1FBDA5D900438D1F /* Main.storyboard */; };
		19D54CC01FBDA5D900438D1F /* Assets.xcassets in Resources */ = {isa = PBXBuildFile; fileRef = 19D54CBF1FBDA5D900438D1F /* Assets.xcassets */; };
		19D54CC31FBDA5D900438D1F /* LaunchScreen.storyboard in Resources */ = {isa = PBXBuildFile; fileRef = 19D54CC11FBDA5D900438D1F /* LaunchScreen.storyboard */; };
		19D54CCB1FBDA64700438D1F /* UIImage+HTButton.swift in Sources */ = {isa = PBXBuildFile; fileRef = 19D54CCA1FBDA64700438D1F /* UIImage+HTButton.swift */; };
		19D54CCD1FBDABBF00438D1F /* UIColor+HTColor.swift in Sources */ = {isa = PBXBuildFile; fileRef = 19D54CCC1FBDABBF00438D1F /* UIColor+HTColor.swift */; };
		19D54CCF1FBDB06F00438D1F /* HTPressableButton.swift in Sources */ = {isa = PBXBuildFile; fileRef = 19D54CCE1FBDB06F00438D1F /* HTPressableButton.swift */; };
/* End PBXBuildFile section */

/* Begin PBXFileReference section */
		19D54CB51FBDA5D900438D1F /* FlatPressableButton.app */ = {isa = PBXFileReference; explicitFileType = wrapper.application; includeInIndex = 0; path = FlatPressableButton.app; sourceTree = BUILT_PRODUCTS_DIR; };
		19D54CB81FBDA5D900438D1F /* AppDelegate.swift */ = {isa = PBXFileReference; lastKnownFileType = sourcecode.swift; path = AppDelegate.swift; sourceTree = "<group>"; };
		19D54CBA1FBDA5D900438D1F /* ViewController.swift */ = {isa = PBXFileReference; lastKnownFileType = sourcecode.swift; path = ViewController.swift; sourceTree = "<group>"; };
		19D54CBD1FBDA5D900438D1F /* Base */ = {isa = PBXFileReference; lastKnownFileType = file.storyboard; name = Base; path = Base.lproj/Main.storyboard; sourceTree = "<group>"; };
		19D54CBF1FBDA5D900438D1F /* Assets.xcassets */ = {isa = PBXFileReference; lastKnownFileType = folder.assetcatalog; path = Assets.xcassets; sourceTree = "<group>"; };
		19D54CC21FBDA5D900438D1F /* Base */ = {isa = PBXFileReference; lastKnownFileType = file.storyboard; name = Base; path = Base.lproj/LaunchScreen.storyboard; sourceTree = "<group>"; };
		19D54CC41FBDA5D900438D1F /* Info.plist */ = {isa = PBXFileReference; lastKnownFileType = text.plist.xml; path = Info.plist; sourceTree = "<group>"; };
		19D54CCA1FBDA64700438D1F /* UIImage+HTButton.swift */ = {isa = PBXFileReference; lastKnownFileType = sourcecode.swift; path = "UIImage+HTButton.swift"; sourceTree = "<group>"; };
		19D54CCC1FBDABBF00438D1F /* UIColor+HTColor.swift */ = {isa = PBXFileReference; lastKnownFileType = sourcecode.swift; path = "UIColor+HTColor.swift"; sourceTree = "<group>"; };
		19D54CCE1FBDB06F00438D1F /* HTPressableButton.swift */ = {isa = PBXFileReference; lastKnownFileType = sourcecode.swift; path = HTPressableButton.swift; sourceTree = "<group>"; };
/* End PBXFileReference section */

/* Begin PBXFrameworksBuildPhase section */
		19D54CB21FBDA5D900438D1F /* Frameworks */ = {
			isa = PBXFrameworksBuildPhase;
			buildActionMask = 2147483647;
			files = (
			);
			runOnlyForDeploymentPostprocessing = 0;
		};
/* End PBXFrameworksBuildPhase section */

/* Begin PBXGroup section */
		19D54CAC1FBDA5D900438D1F = {
			isa = PBXGroup;
			children = (
				19D54CB71FBDA5D900438D1F /* FlatPressableButton */,
				19D54CB61FBDA5D900438D1F /* Products */,
			);
			sourceTree = "<group>";
		};
		19D54CB61FBDA5D900438D1F /* Products */ = {
			isa = PBXGroup;
			children = (
				19D54CB51FBDA5D900438D1F /* FlatPressableButton.app */,
			);
			name = Products;
			sourceTree = "<group>";
		};
		19D54CB71FBDA5D900438D1F /* FlatPressableButton */ = {
			isa = PBXGroup;
			children = (
				19D54CB81FBDA5D900438D1F /* AppDelegate.swift */,
				19D54CBA1FBDA5D900438D1F /* ViewController.swift */,
				19D54CCA1FBDA64700438D1F /* UIImage+HTButton.swift */,
				19D54CCC1FBDABBF00438D1F /* UIColor+HTColor.swift */,
				19D54CCE1FBDB06F00438D1F /* HTPressableButton.swift */,
				19D54CBC1FBDA5D900438D1F /* Main.storyboard */,
				19D54CBF1FBDA5D900438D1F /* Assets.xcassets */,
				19D54CC11FBDA5D900438D1F /* LaunchScreen.storyboard */,
				19D54CC41FBDA5D900438D1F /* Info.plist */,
			);
			path = FlatPressableButton;
			sourceTree = "<group>";
		};
/* End PBXGroup section */

/* Begin PBXNativeTarget section */
		19D54CB41FBDA5D900438D1F /* FlatPressableButton */ = {
			isa = PBXNativeTarget;
			buildConfigurationList = 19D54CC71FBDA5D900438D1F /* Build configuration list for PBXNativeTarget "FlatPressableButton" */;
			buildPhases = (
				19D54CB11FBDA5D900438D1F /* Sources */,
				19D54CB21FBDA5D900438D1F /* Frameworks */,
				19D54CB31FBDA5D900438D1F /* Resources */,
			);
			buildRules = (
			);
			dependencies = (
			);
			name = FlatPressableButton;
			productName = FlatPressableButton;
			productReference = 19D54CB51FBDA5D900438D1F /* FlatPressableButton.app */;
			productType = "com.apple.product-type.application";
		};
/* End PBXNativeTarget section */

/* Begin PBXProject section */
		19D54CAD1FBDA5D900438D1F /* Project object */ = {
			isa = PBXProject;
			attributes = {
				LastSwiftUpdateCheck = 0910;
				LastUpgradeCheck = 0910;
				ORGANIZATIONNAME = VamshiKrishna;
				TargetAttributes = {
					19D54CB41FBDA5D900438D1F = {
						CreatedOnToolsVersion = 9.1;
						ProvisioningStyle = Automatic;
					};
				};
			};
			buildConfigurationList = 19D54CB01FBDA5D900438D1F /* Build configuration list for PBXProject "FlatPressableButton" */;
			compatibilityVersion = "Xcode 8.0";
			developmentRegion = en;
			hasScannedForEncodings = 0;
			knownRegions = (
				en,
				Base,
			);
			mainGroup = 19D54CAC1FBDA5D900438D1F;
			productRefGroup = 19D54CB61FBDA5D900438D1F /* Products */;
			projectDirPath = "";
			projectRoot = "";
			targets = (
				19D54CB41FBDA5D900438D1F /* FlatPressableButton */,
			);
		};
/* End PBXProject section */

/* Begin PBXResourcesBuildPhase section */
		19D54CB31FBDA5D900438D1F /* Resources */ = {
			isa = PBXResourcesBuildPhase;
			buildActionMask = 2147483647;
			files = (
				19D54CC31FBDA5D900438D1F /* LaunchScreen.storyboard in Resources */,
				19D54CC01FBDA5D900438D1F /* Assets.xcassets in Resources */,
				19D54CBE1FBDA5D900438D1F /* Main.storyboard in Resources */,
			);
			runOnlyForDeploymentPostprocessing = 0;
		};
/* End PBXResourcesBuildPhase section */

/* Begin PBXSourcesBuildPhase section */
		19D54CB11FBDA5D900438D1F /* Sources */ = {
			isa = PBXSourcesBuildPhase;
			buildActionMask = 2147483647;
			files = (
				19D54CCB1FBDA64700438D1F /* UIImage+HTButton.swift in Sources */,
				19D54CBB1FBDA5D900438D1F /* ViewController.swift in Sources */,
				19D54CB91FBDA5D900438D1F /* AppDelegate.swift in Sources */,
				19D54CCF1FBDB06F00438D1F /* HTPressableButton.swift in Sources */,
				19D54CCD1FBDABBF00438D1F /* UIColor+HTColor.swift in Sources */,
			);
			runOnlyForDeploymentPostprocessing = 0;
		};
/* End PBXSourcesBuildPhase section */

/* Begin PBXVariantGroup section */
		19D54CBC1FBDA5D900438D1F /* Main.storyboard */ = {
			isa = PBXVariantGroup;
			children = (
				19D54CBD1FBDA5D900438D1F /* Base */,
			);
			name = Main.storyboard;
			sourceTree = "<group>";
		};
		19D54CC11FBDA5D900438D1F /* LaunchScreen.storyboard */ = {
			isa = PBXVariantGroup;
			children = (
				19D54CC21FBDA5D900438D1F /* Base */,
			);
			name = LaunchScreen.storyboard;
			sourceTree = "<group>";
		};
/* End PBXVariantGroup section */

/* Begin XCBuildConfiguration section */
		19D54CC51FBDA5D900438D1F /* Debug */ = {
			isa = XCBuildConfiguration;
			buildSettings = {
				ALWAYS_SEARCH_USER_PATHS = NO;
				CLANG_ANALYZER_NONNULL = YES;
				CLANG_ANALYZER_NUMBER_OBJECT_CONVERSION = YES_AGGRESSIVE;
				CLANG_CXX_LANGUAGE_STANDARD = "gnu++14";
				CLANG_CXX_LIBRARY = "libc++";
				CLANG_ENABLE_MODULES = YES;
				CLANG_ENABLE_OBJC_ARC = YES;
				CLANG_WARN_BLOCK_CAPTURE_AUTORELEASING = YES;
				CLANG_WARN_BOOL_CONVERSION = YES;
				CLANG_WARN_COMMA = YES;
				CLANG_WARN_CONSTANT_CONVERSION = YES;
				CLANG_WARN_DIRECT_OBJC_ISA_USAGE = YES_ERROR;
				CLANG_WARN_DOCUMENTATION_COMMENTS = YES;
				CLANG_WARN_EMPTY_BODY = YES;
				CLANG_WARN_ENUM_CONVERSION = YES;
				CLANG_WARN_INFINITE_RECURSION = YES;
				CLANG_WARN_INT_CONVERSION = YES;
				CLANG_WARN_NON_LITERAL_NULL_CONVERSION = YES;
				CLANG_WARN_OBJC_LITERAL_CONVERSION = YES;
				CLANG_WARN_OBJC_ROOT_CLASS = YES_ERROR;
				CLANG_WARN_RANGE_LOOP_ANALYSIS = YES;
				CLANG_WARN_STRICT_PROTOTYPES = YES;
				CLANG_WARN_SUSPICIOUS_MOVE = YES;
				CLANG_WARN_UNGUARDED_AVAILABILITY = YES_AGGRESSIVE;
				CLANG_WARN_UNREACHABLE_CODE = YES;
				CLANG_WARN__DUPLICATE_METHOD_MATCH = YES;
				CODE_SIGN_IDENTITY = "iPhone Developer";
				COPY_PHASE_STRIP = NO;
				DEBUG_INFORMATION_FORMAT = dwarf;
				ENABLE_STRICT_OBJC_MSGSEND = YES;
				ENABLE_TESTABILITY = YES;
				GCC_C_LANGUAGE_STANDARD = gnu11;
				GCC_DYNAMIC_NO_PIC = NO;
				GCC_NO_COMMON_BLOCKS = YES;
				GCC_OPTIMIZATION_LEVEL = 0;
				GCC_PREPROCESSOR_DEFINITIONS = (
					"DEBUG=1",
					"$(inherited)",
				);
				GCC_WARN_64_TO_32_BIT_CONVERSION = YES;
				GCC_WARN_ABOUT_RETURN_TYPE = YES_ERROR;
				GCC_WARN_UNDECLARED_SELECTOR = YES;
				GCC_WARN_UNINITIALIZED_AUTOS = YES_AGGRESSIVE;
				GCC_WARN_UNUSED_FUNCTION = YES;
				GCC_WARN_UNUSED_VARIABLE = YES;
				IPHONEOS_DEPLOYMENT_TARGET = 11.1;
				MTL_ENABLE_DEBUG_INFO = YES;
				ONLY_ACTIVE_ARCH = YES;
				SDKROOT = iphoneos;
				SWIFT_ACTIVE_COMPILATION_CONDITIONS = DEBUG;
				SWIFT_OPTIMIZATION_LEVEL = "-Onone";
			};
			name = Debug;
		};
		19D54CC61FBDA5D900438D1F /* Release */ = {
			isa = XCBuildConfiguration;
			buildSettings = {
				ALWAYS_SEARCH_USER_PATHS = NO;
				CLANG_ANALYZER_NONNULL = YES;
				CLANG_ANALYZER_NUMBER_OBJECT_CONVERSION = YES_AGGRESSIVE;
				CLANG_CXX_LANGUAGE_STANDARD = "gnu++14";
				CLANG_CXX_LIBRARY = "libc++";
				CLANG_ENABLE_MODULES = YES;
				CLANG_ENABLE_OBJC_ARC = YES;
				CLANG_WARN_BLOCK_CAPTURE_AUTORELEASING = YES;
				CLANG_WARN_BOOL_CONVERSION = YES;
				CLANG_WARN_COMMA = YES;
				CLANG_WARN_CONSTANT_CONVERSION = YES;
				CLANG_WARN_DIRECT_OBJC_ISA_USAGE = YES_ERROR;
				CLANG_WARN_DOCUMENTATION_COMMENTS = YES;
				CLANG_WARN_EMPTY_BODY = YES;
				CLANG_WARN_ENUM_CONVERSION = YES;
				CLANG_WARN_INFINITE_RECURSION = YES;
				CLANG_WARN_INT_CONVERSION = YES;
				CLANG_WARN_NON_LITERAL_NULL_CONVERSION = YES;
				CLANG_WARN_OBJC_LITERAL_CONVERSION = YES;
				CLANG_WARN_OBJC_ROOT_CLASS = YES_ERROR;
				CLANG_WARN_RANGE_LOOP_ANALYSIS = YES;
				CLANG_WARN_STRICT_PROTOTYPES = YES;
				CLANG_WARN_SUSPICIOUS_MOVE = YES;
				CLANG_WARN_UNGUARDED_AVAILABILITY = YES_AGGRESSIVE;
				CLANG_WARN_UNREACHABLE_CODE = YES;
				CLANG_WARN__DUPLICATE_METHOD_MATCH = YES;
				CODE_SIGN_IDENTITY = "iPhone Developer";
				COPY_PHASE_STRIP = NO;
				DEBUG_INFORMATION_FORMAT = "dwarf-with-dsym";
				ENABLE_NS_ASSERTIONS = NO;
				ENABLE_STRICT_OBJC_MSGSEND = YES;
				GCC_C_LANGUAGE_STANDARD = gnu11;
				GCC_NO_COMMON_BLOCKS = YES;
				GCC_WARN_64_TO_32_BIT_CONVERSION = YES;
				GCC_WARN_ABOUT_RETURN_TYPE = YES_ERROR;
				GCC_WARN_UNDECLARED_SELECTOR = YES;
				GCC_WARN_UNINITIALIZED_AUTOS = YES_AGGRESSIVE;
				GCC_WARN_UNUSED_FUNCTION = YES;
				GCC_WARN_UNUSED_VARIABLE = YES;
				IPHONEOS_DEPLOYMENT_TARGET = 11.1;
				MTL_ENABLE_DEBUG_INFO = NO;
				SDKROOT = iphoneos;
				SWIFT_OPTIMIZATION_LEVEL = "-Owholemodule";
				VALIDATE_PRODUCT = YES;
			};
			name = Release;
		};
		19D54CC81FBDA5D900438D1F /* Debug */ = {
			isa = XCBuildConfiguration;
			buildSettings = {
				ASSETCATALOG_COMPILER_APPICON_NAME = AppIcon;
				CODE_SIGN_STYLE = Automatic;
				DEVELOPMENT_TEAM = XJXJJVUFT9;
				INFOPLIST_FILE = FlatPressableButton/Info.plist;
				LD_RUNPATH_SEARCH_PATHS = "$(inherited) @executable_path/Frameworks";
				PRODUCT_BUNDLE_IDENTIFIER = vamshi.in.FlatPressableButton;
				PRODUCT_NAME = "$(TARGET_NAME)";
				SWIFT_VERSION = 4.0;
				TARGETED_DEVICE_FAMILY = "1,2";
			};
			name = Debug;
		};
		19D54CC91FBDA5D900438D1F /* Release */ = {
			isa = XCBuildConfiguration;
			buildSettings = {
				ASSETCATALOG_COMPILER_APPICON_NAME = AppIcon;
				CODE_SIGN_STYLE = Automatic;
				DEVELOPMENT_TEAM = XJXJJVUFT9;
				INFOPLIST_FILE = FlatPressableButton/Info.plist;
				LD_RUNPATH_SEARCH_PATHS = "$(inherited) @executable_path/Frameworks";
				PRODUCT_BUNDLE_IDENTIFIER = vamshi.in.FlatPressableButton;
				PRODUCT_NAME = "$(TARGET_NAME)";
				SWIFT_VERSION = 4.0;
				TARGETED_DEVICE_FAMILY = "1,2";
			};
			name = Release;
		};
/* End XCBuildConfiguration section */

/* Begin XCConfigurationList section */
		19D54CB01FBDA5D900438D1F /* Build configuration list for PBXProject "FlatPressableButton" */ = {
			isa = XCConfigurationList;
			buildConfigurations = (
				19D54CC51FBDA5D900438D1F /* Debug */,
				19D54CC61FBDA5D900438D1F /* Release */,
			);
			defaultConfigurationIsVisible = 0;
			defaultConfigurationName = Release;
		};
		19D54CC71FBDA5D900438D1F /* Build configuration list for PBXNativeTarget "FlatPressableButton" */ = {
			isa = XCConfigurationList;
			buildConfigurations = (
				19D54CC81FBDA5D900438D1F /* Debug */,
				19D54CC91FBDA5D900438D1F /* Release */,
			);
			defaultConfigurationIsVisible = 0;
			defaultConfigurationName = Release;
		};
/* End XCConfigurationList section */
	};
	rootObject = 19D54CAD1FBDA5D900438D1F /* Project object */;
}
